
Microsoft Visual Studio Solution File, Format Version 12.00
# Visual Studio Version 17
VisualStudioVersion = 17.13.35806.99 d17.13
MinimumVisualStudioVersion = 10.0.40219.1
Project("{FAE04EC0-301F-11D3-BF4B-00C04F79EFBC}") = "CoreAndFood", "CoreAndFood\CoreAndFood.csproj", "{7BE7FC4E-ADAA-47DD-B1FE-9824D2F891C9}"
EndProject
Global
	GlobalSection(SolutionConfigurationPlatforms) = preSolution
		Debug|Any CPU = Debug|Any CPU
		Release|Any CPU = Release|Any CPU
	EndGlobalSection
	GlobalSection(ProjectConfigurationPlatforms) = postSolution
		{7BE7FC4E-ADAA-47DD-B1FE-9824D2F891C9}.Debug|Any CPU.ActiveCfg = Debug|Any CPU
		{7BE7FC4E-ADAA-47DD-B1FE-9824D2F891C9}.Debug|Any CPU.Build.0 = Debug|Any CPU
		{7BE7FC4E-ADAA-47DD-B1FE-9824D2F891C9}.Release|Any CPU.ActiveCfg = Release|Any CPU
		{7BE7FC4E-ADAA-47DD-B1FE-9824D2F891C9}.Release|Any CPU.Build.0 = Release|Any CPU
	EndGlobalSection
	GlobalSection(SolutionProperties) = preSolution
		HideSolutionNode = FALSE
	EndGlobalSection
	GlobalSection(ExtensibilityGlobals) = postSolution
		SolutionGuid = {ABDAFEAD-7EC7-4950-819D-6B2160654517}
	EndGlobalSection
EndGlobal
